// !$*UTF8*$!
{
	archiveVersion = 1;
	classes = {
	};
	objectVersion = 46;
	objects = {

/* Begin PBXBuildFile section */
		390F26B71BF2F1CF001D6D06 /* ListRemindersViewController.swift in Sources */ = {isa = PBXBuildFile; fileRef = 390F26B61BF2F1CF001D6D06 /* ListRemindersViewController.swift */; };
		390F26BF1BF2FA77001D6D06 /* ListViewTableViewCell.swift in Sources */ = {isa = PBXBuildFile; fileRef = 390F26BE1BF2FA77001D6D06 /* ListViewTableViewCell.swift */; };
		3913E32F1B7C5391003D1C69 /* FindFriendsViewController.swift in Sources */ = {isa = PBXBuildFile; fileRef = 3913E32E1B7C5391003D1C69 /* FindFriendsViewController.swift */; };
		3914414C1AEDE0C100866679 /* Firebase.framework in Frameworks */ = {isa = PBXBuildFile; fileRef = 3914414B1AEDE0C100866679 /* Firebase.framework */; };
		3914414E1AEDE1FF00866679 /* RegisterViewController.swift in Sources */ = {isa = PBXBuildFile; fileRef = 3914414D1AEDE1FF00866679 /* RegisterViewController.swift */; };
		39305A981AE9EF9300773849 /* AppDelegate.swift in Sources */ = {isa = PBXBuildFile; fileRef = 39305A971AE9EF9300773849 /* AppDelegate.swift */; };
		39305A9A1AE9EF9300773849 /* ViewController.swift in Sources */ = {isa = PBXBuildFile; fileRef = 39305A991AE9EF9300773849 /* ViewController.swift */; };
		39305A9D1AE9EF9300773849 /* Main.storyboard in Resources */ = {isa = PBXBuildFile; fileRef = 39305A9B1AE9EF9300773849 /* Main.storyboard */; };
		39305A9F1AE9EF9300773849 /* Images.xcassets in Resources */ = {isa = PBXBuildFile; fileRef = 39305A9E1AE9EF9300773849 /* Images.xcassets */; };
		39305AA21AE9EF9300773849 /* LaunchScreen.xib in Resources */ = {isa = PBXBuildFile; fileRef = 39305AA01AE9EF9300773849 /* LaunchScreen.xib */; };
		39305AAE1AE9EF9300773849 /* MightyMindersTests.swift in Sources */ = {isa = PBXBuildFile; fileRef = 39305AAD1AE9EF9300773849 /* MightyMindersTests.swift */; };
		39305AB81AE9F6DE00773849 /* LoginViewController.swift in Sources */ = {isa = PBXBuildFile; fileRef = 39305AB71AE9F6DE00773849 /* LoginViewController.swift */; };
		39305AC21AE9FDD200773849 /* CFNetwork.framework in Frameworks */ = {isa = PBXBuildFile; fileRef = 39305AC11AE9FDD200773849 /* CFNetwork.framework */; };
		39305AC41AE9FDE000773849 /* Security.framework in Frameworks */ = {isa = PBXBuildFile; fileRef = 39305AC31AE9FDE000773849 /* Security.framework */; };
		39305AC61AE9FDF000773849 /* SystemConfiguration.framework in Frameworks */ = {isa = PBXBuildFile; fileRef = 39305AC51AE9FDF000773849 /* SystemConfiguration.framework */; };
		39331AD71BA2945700625AF5 /* Minders.swift in Sources */ = {isa = PBXBuildFile; fileRef = 39331AD61BA2945700625AF5 /* Minders.swift */; };
		3934F4921B38B50E00F395D2 /* Annotation.swift in Sources */ = {isa = PBXBuildFile; fileRef = 3934F4911B38B50E00F395D2 /* Annotation.swift */; };
		394259D21B0A40ED00918534 /* CoreLocation.framework in Frameworks */ = {isa = PBXBuildFile; fileRef = 394259D11B0A40ED00918534 /* CoreLocation.framework */; };
		394E71881B77F03C0053B47B /* RemindFriendsViewController.swift in Sources */ = {isa = PBXBuildFile; fileRef = 394E71871B77F03C0053B47B /* RemindFriendsViewController.swift */; };
		394E718A1B77F9380053B47B /* ProfileViewController.swift in Sources */ = {isa = PBXBuildFile; fileRef = 394E71891B77F9380053B47B /* ProfileViewController.swift */; };
		394E81E31B52218A00C81664 /* ViewReminderViewController.swift in Sources */ = {isa = PBXBuildFile; fileRef = 394E81E21B52218A00C81664 /* ViewReminderViewController.swift */; };
		394E91E51B00FB3A00C701D3 /* AddLocationViewController.swift in Sources */ = {isa = PBXBuildFile; fileRef = 394E91E41B00FB3A00C701D3 /* AddLocationViewController.swift */; };
		3955CF821B9FE48B0037FA91 /* AddFriendViewController.swift in Sources */ = {isa = PBXBuildFile; fileRef = 3955CF811B9FE48B0037FA91 /* AddFriendViewController.swift */; };
		39589CB21BCCBC8800D9D804 /* AeroGearPush.framework in Copy Frameworks */ = {isa = PBXBuildFile; fileRef = 39589CAC1BCCBBF500D9D804 /* AeroGearPush.framework */; settings = {ATTRIBUTES = (CodeSignOnCopy, RemoveHeadersOnCopy, ); }; };
		3960ACB11B901CD50064B2BE /* CustomButton.swift in Sources */ = {isa = PBXBuildFile; fileRef = 39C0A3B01B76A4E1000A6CAD /* CustomButton.swift */; };
		3960ACB21B901CD50064B2BE /* CustomView.swift in Sources */ = {isa = PBXBuildFile; fileRef = 39C0A3AC1B76935C000A6CAD /* CustomView.swift */; };
		3960ACB31B901CD50064B2BE /* AddRemoveButton.swift in Sources */ = {isa = PBXBuildFile; fileRef = 3998474E1B7FCA2400DD8104 /* AddRemoveButton.swift */; };
		39713FE01C9F93BB00ADC5E7 /* Friends.swift in Sources */ = {isa = PBXBuildFile; fileRef = 39713FDF1C9F93BB00ADC5E7 /* Friends.swift */; };
		397C5FB51AF1E7C40063E9DE /* Colors.swift in Sources */ = {isa = PBXBuildFile; fileRef = 397C5FB41AF1E7C40063E9DE /* Colors.swift */; };
		397E8D2A1B64247F0095B30D /* Logo.swift in Sources */ = {isa = PBXBuildFile; fileRef = 397E8D291B64247F0095B30D /* Logo.swift */; };
		398D959E1B88FBAE00D85F40 /* FriendsRemindViewController.swift in Sources */ = {isa = PBXBuildFile; fileRef = 398D959D1B88FBAE00D85F40 /* FriendsRemindViewController.swift */; };
		398D95A21B8901AF00D85F40 /* MMCustomViewController.swift in Sources */ = {isa = PBXBuildFile; fileRef = 398D95A11B8901AF00D85F40 /* MMCustomViewController.swift */; };
		39947ACC1B0B824E003F142A /* MapKit.framework in Frameworks */ = {isa = PBXBuildFile; fileRef = 39947ACB1B0B824E003F142A /* MapKit.framework */; };
		39958F831C30769B00F7CFA4 /* Alamofire.framework in Frameworks */ = {isa = PBXBuildFile; fileRef = 39423FEB1BE32DB800435724 /* Alamofire.framework */; };
		39958F841C30769B00F7CFA4 /* Alamofire.framework in Copy Frameworks */ = {isa = PBXBuildFile; fileRef = 39423FEB1BE32DB800435724 /* Alamofire.framework */; settings = {ATTRIBUTES = (CodeSignOnCopy, RemoveHeadersOnCopy, ); }; };
		39962C221B8D865900E264E2 /* FindFriendsTableViewCell.swift in Sources */ = {isa = PBXBuildFile; fileRef = 39962C211B8D865900E264E2 /* FindFriendsTableViewCell.swift */; };
		39AEAC8D1BAE2D5300E33F3E /* libc++.1.dylib in Frameworks */ = {isa = PBXBuildFile; fileRef = 39AEAC8C1BAE2D5300E33F3E /* libc++.1.dylib */; };
		39AEAC8F1BAE2D7700E33F3E /* libicucore.A.dylib in Frameworks */ = {isa = PBXBuildFile; fileRef = 39AEAC8E1BAE2D7700E33F3E /* libicucore.A.dylib */; };
		39BA7D771C557B2E00790840 /* Users.swift in Sources */ = {isa = PBXBuildFile; fileRef = 39BA7D761C557B2E00790840 /* Users.swift */; };
		39CC99221BE07DE700F7F428 /* HTTPRequests.swift in Sources */ = {isa = PBXBuildFile; fileRef = 39CC99211BE07DE700F7F428 /* HTTPRequests.swift */; };
		39DEE9D21BEB1FE8007B5C67 /* GreenBack and FairOaks.gpx in Resources */ = {isa = PBXBuildFile; fileRef = 39DEE9D11BEB1FE8007B5C67 /* GreenBack and FairOaks.gpx */; };
		39E6E5C31AF32CAC0066B707 /* TextFields.swift in Sources */ = {isa = PBXBuildFile; fileRef = 39E6E5C21AF32CAC0066B707 /* TextFields.swift */; };
		39F0DCE71AFA6AF1002C91F5 /* AddReminderViewController.swift in Sources */ = {isa = PBXBuildFile; fileRef = 39F0DCE61AFA6AF1002C91F5 /* AddReminderViewController.swift */; };
		39F8E2A51BA4D51C00C1EA99 /* default.gpx in Resources */ = {isa = PBXBuildFile; fileRef = 39F8E2A41BA4D51C00C1EA99 /* default.gpx */; };
/* End PBXBuildFile section */

/* Begin PBXContainerItemProxy section */
		39305AA81AE9EF9300773849 /* PBXContainerItemProxy */ = {
			isa = PBXContainerItemProxy;
			containerPortal = 39305A8A1AE9EF9300773849 /* Project object */;
			proxyType = 1;
			remoteGlobalIDString = 39305A911AE9EF9300773849;
			remoteInfo = MightyMinders;
		};
		39423FEA1BE32DB800435724 /* PBXContainerItemProxy */ = {
			isa = PBXContainerItemProxy;
			containerPortal = 39423FE01BE32DB700435724 /* Alamofire.xcodeproj */;
			proxyType = 2;
			remoteGlobalIDString = F8111E3319A95C8B0040E7D1;
			remoteInfo = "Alamofire iOS";
		};
		39423FEC1BE32DB800435724 /* PBXContainerItemProxy */ = {
			isa = PBXContainerItemProxy;
			containerPortal = 39423FE01BE32DB700435724 /* Alamofire.xcodeproj */;
			proxyType = 2;
			remoteGlobalIDString = F8111E3E19A95C8B0040E7D1;
			remoteInfo = "Alamofire iOS Tests";
		};
		39423FEE1BE32DB800435724 /* PBXContainerItemProxy */ = {
			isa = PBXContainerItemProxy;
			containerPortal = 39423FE01BE32DB700435724 /* Alamofire.xcodeproj */;
			proxyType = 2;
			remoteGlobalIDString = 4DD67C0B1A5C55C900ED2280;
			remoteInfo = "Alamofire OSX";
		};
		39423FF01BE32DB800435724 /* PBXContainerItemProxy */ = {
			isa = PBXContainerItemProxy;
			containerPortal = 39423FE01BE32DB700435724 /* Alamofire.xcodeproj */;
			proxyType = 2;
			remoteGlobalIDString = F829C6B21A7A94F100A2CD59;
			remoteInfo = "Alamofire OSX Tests";
		};
		39423FF21BE32DB800435724 /* PBXContainerItemProxy */ = {
			isa = PBXContainerItemProxy;
			containerPortal = 39423FE01BE32DB700435724 /* Alamofire.xcodeproj */;
			proxyType = 2;
			remoteGlobalIDString = 4CF626EF1BA7CB3E0011A099;
			remoteInfo = "Alamofire tvOS";
		};
		39423FF41BE32DB800435724 /* PBXContainerItemProxy */ = {
			isa = PBXContainerItemProxy;
			containerPortal = 39423FE01BE32DB700435724 /* Alamofire.xcodeproj */;
			proxyType = 2;
			remoteGlobalIDString = 4CF626F81BA7CB3E0011A099;
			remoteInfo = "Alamofire tvOS Tests";
		};
		39423FF61BE32DB800435724 /* PBXContainerItemProxy */ = {
			isa = PBXContainerItemProxy;
			containerPortal = 39423FE01BE32DB700435724 /* Alamofire.xcodeproj */;
			proxyType = 2;
			remoteGlobalIDString = E4202FE01B667AA100C997FB;
			remoteInfo = "Alamofire watchOS";
		};
		39589CAB1BCCBBF500D9D804 /* PBXContainerItemProxy */ = {
			isa = PBXContainerItemProxy;
			containerPortal = 39589CA61BCCBBF500D9D804 /* AeroGearPush.xcodeproj */;
			proxyType = 2;
			remoteGlobalIDString = 6F71353119646266009B26D8;
			remoteInfo = AeroGearPush;
		};
		39589CAF1BCCBC4200D9D804 /* PBXContainerItemProxy */ = {
			isa = PBXContainerItemProxy;
			containerPortal = 39589CA61BCCBBF500D9D804 /* AeroGearPush.xcodeproj */;
			proxyType = 1;
			remoteGlobalIDString = 6F71353019646266009B26D8;
			remoteInfo = AeroGearPush;
		};
		39713FD71C9F76EC00ADC5E7 /* PBXContainerItemProxy */ = {
			isa = PBXContainerItemProxy;
			containerPortal = 39589CA61BCCBBF500D9D804 /* AeroGearPush.xcodeproj */;
			proxyType = 2;
			remoteGlobalIDString = 6F71353C19646266009B26D8;
			remoteInfo = AeroGearPushTests;
		};
		39958F851C30769B00F7CFA4 /* PBXContainerItemProxy */ = {
			isa = PBXContainerItemProxy;
			containerPortal = 39423FE01BE32DB700435724 /* Alamofire.xcodeproj */;
			proxyType = 1;
			remoteGlobalIDString = F8111E3219A95C8B0040E7D1;
			remoteInfo = "Alamofire iOS";
		};
/* End PBXContainerItemProxy section */

/* Begin PBXCopyFilesBuildPhase section */
		39589CB11BCCBC5E00D9D804 /* Copy Frameworks */ = {
			isa = PBXCopyFilesBuildPhase;
			buildActionMask = 2147483647;
			dstPath = "";
			dstSubfolderSpec = 10;
			files = (
				39589CB21BCCBC8800D9D804 /* AeroGearPush.framework in Copy Frameworks */,
				39958F841C30769B00F7CFA4 /* Alamofire.framework in Copy Frameworks */,
			);
			name = "Copy Frameworks";
			runOnlyForDeploymentPostprocessing = 0;
		};
/* End PBXCopyFilesBuildPhase section */

/* Begin PBXFileReference section */
		390F26B61BF2F1CF001D6D06 /* ListRemindersViewController.swift */ = {isa = PBXFileReference; fileEncoding = 4; lastKnownFileType = sourcecode.swift; path = ListRemindersViewController.swift; sourceTree = "<group>"; };
		390F26BE1BF2FA77001D6D06 /* ListViewTableViewCell.swift */ = {isa = PBXFileReference; fileEncoding = 4; lastKnownFileType = sourcecode.swift; path = ListViewTableViewCell.swift; sourceTree = "<group>"; };
		3913E32E1B7C5391003D1C69 /* FindFriendsViewController.swift */ = {isa = PBXFileReference; fileEncoding = 4; lastKnownFileType = sourcecode.swift; path = FindFriendsViewController.swift; sourceTree = "<group>"; };
		3914414B1AEDE0C100866679 /* Firebase.framework */ = {isa = PBXFileReference; lastKnownFileType = wrapper.framework; path = Firebase.framework; sourceTree = "<group>"; };
		3914414D1AEDE1FF00866679 /* RegisterViewController.swift */ = {isa = PBXFileReference; fileEncoding = 4; lastKnownFileType = sourcecode.swift; path = RegisterViewController.swift; sourceTree = "<group>"; };
		39305A921AE9EF9300773849 /* MightyMinders.app */ = {isa = PBXFileReference; explicitFileType = wrapper.application; includeInIndex = 0; path = MightyMinders.app; sourceTree = BUILT_PRODUCTS_DIR; };
		39305A961AE9EF9300773849 /* Info.plist */ = {isa = PBXFileReference; lastKnownFileType = text.plist.xml; path = Info.plist; sourceTree = "<group>"; };
		39305A971AE9EF9300773849 /* AppDelegate.swift */ = {isa = PBXFileReference; lastKnownFileType = sourcecode.swift; path = AppDelegate.swift; sourceTree = "<group>"; };
		39305A991AE9EF9300773849 /* ViewController.swift */ = {isa = PBXFileReference; lastKnownFileType = sourcecode.swift; path = ViewController.swift; sourceTree = "<group>"; };
		39305A9C1AE9EF9300773849 /* Base */ = {isa = PBXFileReference; lastKnownFileType = file.storyboard; name = Base; path = Base.lproj/Main.storyboard; sourceTree = "<group>"; };
		39305A9E1AE9EF9300773849 /* Images.xcassets */ = {isa = PBXFileReference; lastKnownFileType = folder.assetcatalog; path = Images.xcassets; sourceTree = "<group>"; };
		39305AA11AE9EF9300773849 /* Base */ = {isa = PBXFileReference; lastKnownFileType = file.xib; name = Base; path = Base.lproj/LaunchScreen.xib; sourceTree = "<group>"; };
		39305AA71AE9EF9300773849 /* MightyMindersTests.xctest */ = {isa = PBXFileReference; explicitFileType = wrapper.cfbundle; includeInIndex = 0; path = MightyMindersTests.xctest; sourceTree = BUILT_PRODUCTS_DIR; };
		39305AAC1AE9EF9300773849 /* Info.plist */ = {isa = PBXFileReference; lastKnownFileType = text.plist.xml; path = Info.plist; sourceTree = "<group>"; };
		39305AAD1AE9EF9300773849 /* MightyMindersTests.swift */ = {isa = PBXFileReference; lastKnownFileType = sourcecode.swift; path = MightyMindersTests.swift; sourceTree = "<group>"; };
		39305AB71AE9F6DE00773849 /* LoginViewController.swift */ = {isa = PBXFileReference; fileEncoding = 4; lastKnownFileType = sourcecode.swift; path = LoginViewController.swift; sourceTree = "<group>"; };
		39305AC11AE9FDD200773849 /* CFNetwork.framework */ = {isa = PBXFileReference; lastKnownFileType = wrapper.framework; name = CFNetwork.framework; path = System/Library/Frameworks/CFNetwork.framework; sourceTree = SDKROOT; };
		39305AC31AE9FDE000773849 /* Security.framework */ = {isa = PBXFileReference; lastKnownFileType = wrapper.framework; name = Security.framework; path = System/Library/Frameworks/Security.framework; sourceTree = SDKROOT; };
		39305AC51AE9FDF000773849 /* SystemConfiguration.framework */ = {isa = PBXFileReference; lastKnownFileType = wrapper.framework; name = SystemConfiguration.framework; path = System/Library/Frameworks/SystemConfiguration.framework; sourceTree = SDKROOT; };
		39305AC71AE9FE3100773849 /* MightyMinders-Bridging-Header.h */ = {isa = PBXFileReference; lastKnownFileType = sourcecode.c.h; path = "MightyMinders-Bridging-Header.h"; sourceTree = "<group>"; };
		39331AD61BA2945700625AF5 /* Minders.swift */ = {isa = PBXFileReference; fileEncoding = 4; lastKnownFileType = sourcecode.swift; path = Minders.swift; sourceTree = "<group>"; };
		3934F4911B38B50E00F395D2 /* Annotation.swift */ = {isa = PBXFileReference; fileEncoding = 4; lastKnownFileType = sourcecode.swift; path = Annotation.swift; sourceTree = "<group>"; };
		39423FE01BE32DB700435724 /* Alamofire.xcodeproj */ = {isa = PBXFileReference; lastKnownFileType = "wrapper.pb-project"; name = Alamofire.xcodeproj; path = Alamofire/Alamofire.xcodeproj; sourceTree = "<group>"; };
		394259D11B0A40ED00918534 /* CoreLocation.framework */ = {isa = PBXFileReference; lastKnownFileType = wrapper.framework; name = CoreLocation.framework; path = System/Library/Frameworks/CoreLocation.framework; sourceTree = SDKROOT; };
		394E71871B77F03C0053B47B /* RemindFriendsViewController.swift */ = {isa = PBXFileReference; fileEncoding = 4; lastKnownFileType = sourcecode.swift; path = RemindFriendsViewController.swift; sourceTree = "<group>"; };
		394E71891B77F9380053B47B /* ProfileViewController.swift */ = {isa = PBXFileReference; fileEncoding = 4; lastKnownFileType = sourcecode.swift; path = ProfileViewController.swift; sourceTree = "<group>"; };
		394E81E21B52218A00C81664 /* ViewReminderViewController.swift */ = {isa = PBXFileReference; fileEncoding = 4; lastKnownFileType = sourcecode.swift; path = ViewReminderViewController.swift; sourceTree = "<group>"; };
		394E91E41B00FB3A00C701D3 /* AddLocationViewController.swift */ = {isa = PBXFileReference; fileEncoding = 4; lastKnownFileType = sourcecode.swift; path = AddLocationViewController.swift; sourceTree = "<group>"; };
		3955CF811B9FE48B0037FA91 /* AddFriendViewController.swift */ = {isa = PBXFileReference; fileEncoding = 4; lastKnownFileType = sourcecode.swift; path = AddFriendViewController.swift; sourceTree = "<group>"; };
		39589CA61BCCBBF500D9D804 /* AeroGearPush.xcodeproj */ = {isa = PBXFileReference; lastKnownFileType = "wrapper.pb-project"; name = AeroGearPush.xcodeproj; path = "aerogear-ios-push/AeroGearPush.xcodeproj"; sourceTree = "<group>"; };
		39713FDF1C9F93BB00ADC5E7 /* Friends.swift */ = {isa = PBXFileReference; fileEncoding = 4; lastKnownFileType = sourcecode.swift; path = Friends.swift; sourceTree = "<group>"; };
		397C5FB41AF1E7C40063E9DE /* Colors.swift */ = {isa = PBXFileReference; fileEncoding = 4; lastKnownFileType = sourcecode.swift; path = Colors.swift; sourceTree = "<group>"; };
		397E8D291B64247F0095B30D /* Logo.swift */ = {isa = PBXFileReference; fileEncoding = 4; lastKnownFileType = sourcecode.swift; path = Logo.swift; sourceTree = "<group>"; };
		398D959D1B88FBAE00D85F40 /* FriendsRemindViewController.swift */ = {isa = PBXFileReference; fileEncoding = 4; lastKnownFileType = sourcecode.swift; path = FriendsRemindViewController.swift; sourceTree = "<group>"; };
		398D95A11B8901AF00D85F40 /* MMCustomViewController.swift */ = {isa = PBXFileReference; fileEncoding = 4; lastKnownFileType = sourcecode.swift; path = MMCustomViewController.swift; sourceTree = "<group>"; };
		39947ACB1B0B824E003F142A /* MapKit.framework */ = {isa = PBXFileReference; lastKnownFileType = wrapper.framework; name = MapKit.framework; path = System/Library/Frameworks/MapKit.framework; sourceTree = SDKROOT; };
		39962C211B8D865900E264E2 /* FindFriendsTableViewCell.swift */ = {isa = PBXFileReference; fileEncoding = 4; lastKnownFileType = sourcecode.swift; path = FindFriendsTableViewCell.swift; sourceTree = "<group>"; };
		3998474E1B7FCA2400DD8104 /* AddRemoveButton.swift */ = {isa = PBXFileReference; fileEncoding = 4; lastKnownFileType = sourcecode.swift; name = AddRemoveButton.swift; path = ../CustomViews/AddRemoveButton.swift; sourceTree = "<group>"; };
		39AEAC8C1BAE2D5300E33F3E /* libc++.1.dylib */ = {isa = PBXFileReference; lastKnownFileType = "compiled.mach-o.dylib"; name = "libc++.1.dylib"; path = "../../../../../../usr/lib/libc++.1.dylib"; sourceTree = "<group>"; };
		39AEAC8E1BAE2D7700E33F3E /* libicucore.A.dylib */ = {isa = PBXFileReference; lastKnownFileType = "compiled.mach-o.dylib"; name = libicucore.A.dylib; path = ../../../../../../usr/lib/libicucore.A.dylib; sourceTree = "<group>"; };
		39BA7D761C557B2E00790840 /* Users.swift */ = {isa = PBXFileReference; fileEncoding = 4; lastKnownFileType = sourcecode.swift; path = Users.swift; sourceTree = "<group>"; };
		39C0A3AC1B76935C000A6CAD /* CustomView.swift */ = {isa = PBXFileReference; fileEncoding = 4; lastKnownFileType = sourcecode.swift; name = CustomView.swift; path = ../CustomViews/CustomView.swift; sourceTree = "<group>"; };
		39C0A3B01B76A4E1000A6CAD /* CustomButton.swift */ = {isa = PBXFileReference; fileEncoding = 4; lastKnownFileType = sourcecode.swift; name = CustomButton.swift; path = ../CustomViews/CustomButton.swift; sourceTree = "<group>"; };
		39CC99211BE07DE700F7F428 /* HTTPRequests.swift */ = {isa = PBXFileReference; fileEncoding = 4; lastKnownFileType = sourcecode.swift; path = HTTPRequests.swift; sourceTree = "<group>"; };
		39DEE9D11BEB1FE8007B5C67 /* GreenBack and FairOaks.gpx */ = {isa = PBXFileReference; fileEncoding = 4; lastKnownFileType = text.xml; path = "GreenBack and FairOaks.gpx"; sourceTree = "<group>"; };
		39E6E5C21AF32CAC0066B707 /* TextFields.swift */ = {isa = PBXFileReference; fileEncoding = 4; lastKnownFileType = sourcecode.swift; path = TextFields.swift; sourceTree = "<group>"; };
		39F0DCE61AFA6AF1002C91F5 /* AddReminderViewController.swift */ = {isa = PBXFileReference; fileEncoding = 4; lastKnownFileType = sourcecode.swift; path = AddReminderViewController.swift; sourceTree = "<group>"; wrapsLines = 0; };
		39F8E2A41BA4D51C00C1EA99 /* default.gpx */ = {isa = PBXFileReference; fileEncoding = 4; lastKnownFileType = text.xml; path = default.gpx; sourceTree = "<group>"; };
/* End PBXFileReference section */

/* Begin PBXFrameworksBuildPhase section */
		39305A8F1AE9EF9300773849 /* Frameworks */ = {
			isa = PBXFrameworksBuildPhase;
			buildActionMask = 2147483647;
			files = (
				39AEAC8F1BAE2D7700E33F3E /* libicucore.A.dylib in Frameworks */,
				39958F831C30769B00F7CFA4 /* Alamofire.framework in Frameworks */,
				39AEAC8D1BAE2D5300E33F3E /* libc++.1.dylib in Frameworks */,
				394259D21B0A40ED00918534 /* CoreLocation.framework in Frameworks */,
				39305AC61AE9FDF000773849 /* SystemConfiguration.framework in Frameworks */,
				39947ACC1B0B824E003F142A /* MapKit.framework in Frameworks */,
				3914414C1AEDE0C100866679 /* Firebase.framework in Frameworks */,
				39305AC41AE9FDE000773849 /* Security.framework in Frameworks */,
				39305AC21AE9FDD200773849 /* CFNetwork.framework in Frameworks */,
			);
			runOnlyForDeploymentPostprocessing = 0;
		};
		39305AA41AE9EF9300773849 /* Frameworks */ = {
			isa = PBXFrameworksBuildPhase;
			buildActionMask = 2147483647;
			files = (
			);
			runOnlyForDeploymentPostprocessing = 0;
		};
/* End PBXFrameworksBuildPhase section */

/* Begin PBXGroup section */
		39305A891AE9EF9300773849 = {
			isa = PBXGroup;
			children = (
				39423FE01BE32DB700435724 /* Alamofire.xcodeproj */,
				39AEAC8E1BAE2D7700E33F3E /* libicucore.A.dylib */,
				39AEAC8C1BAE2D5300E33F3E /* libc++.1.dylib */,
				39DEE9D11BEB1FE8007B5C67 /* GreenBack and FairOaks.gpx */,
				39F8E2A41BA4D51C00C1EA99 /* default.gpx */,
				39947ACB1B0B824E003F142A /* MapKit.framework */,
				394259D11B0A40ED00918534 /* CoreLocation.framework */,
				3914414B1AEDE0C100866679 /* Firebase.framework */,
				39305AC51AE9FDF000773849 /* SystemConfiguration.framework */,
				39305AC31AE9FDE000773849 /* Security.framework */,
				39305AC11AE9FDD200773849 /* CFNetwork.framework */,
				39305A941AE9EF9300773849 /* MightyMinders */,
				39305AAA1AE9EF9300773849 /* MightyMindersTests */,
				39305A931AE9EF9300773849 /* Products */,
				39589CA61BCCBBF500D9D804 /* AeroGearPush.xcodeproj */,
			);
			sourceTree = "<group>";
		};
		39305A931AE9EF9300773849 /* Products */ = {
			isa = PBXGroup;
			children = (
				39305A921AE9EF9300773849 /* MightyMinders.app */,
				39305AA71AE9EF9300773849 /* MightyMindersTests.xctest */,
			);
			name = Products;
			sourceTree = "<group>";
		};
		39305A941AE9EF9300773849 /* MightyMinders */ = {
			isa = PBXGroup;
			children = (
				39305A971AE9EF9300773849 /* AppDelegate.swift */,
				397558FE1CC33FD800F79038 /* Controllers */,
				397559071CC3405C00F79038 /* Models */,
				397559061CC3401700F79038 /* Views */,
				39305A9E1AE9EF9300773849 /* Images.xcassets */,
				39305A951AE9EF9300773849 /* Supporting Files */,
				39305AC71AE9FE3100773849 /* MightyMinders-Bridging-Header.h */,
			);
			path = MightyMinders;
			sourceTree = "<group>";
		};
		39305A951AE9EF9300773849 /* Supporting Files */ = {
			isa = PBXGroup;
			children = (
				39305A961AE9EF9300773849 /* Info.plist */,
			);
			name = "Supporting Files";
			sourceTree = "<group>";
		};
		39305AAA1AE9EF9300773849 /* MightyMindersTests */ = {
			isa = PBXGroup;
			children = (
				39305AAD1AE9EF9300773849 /* MightyMindersTests.swift */,
				39305AAB1AE9EF9300773849 /* Supporting Files */,
			);
			path = MightyMindersTests;
			sourceTree = "<group>";
		};
		39305AAB1AE9EF9300773849 /* Supporting Files */ = {
			isa = PBXGroup;
			children = (
				39305AAC1AE9EF9300773849 /* Info.plist */,
			);
			name = "Supporting Files";
			sourceTree = "<group>";
		};
		39423FE11BE32DB700435724 /* Products */ = {
			isa = PBXGroup;
			children = (
				39423FEB1BE32DB800435724 /* Alamofire.framework */,
				39423FED1BE32DB800435724 /* Alamofire iOS Tests.xctest */,
				39423FEF1BE32DB800435724 /* Alamofire.framework */,
				39423FF11BE32DB800435724 /* Alamofire OSX Tests.xctest */,
				39423FF31BE32DB800435724 /* Alamofire.framework */,
				39423FF51BE32DB800435724 /* Alamofire tvOS Tests.xctest */,
				39423FF71BE32DB800435724 /* Alamofire.framework */,
			);
			name = Products;
			sourceTree = "<group>";
		};
		39589CA71BCCBBF500D9D804 /* Products */ = {
			isa = PBXGroup;
			children = (
				39589CAC1BCCBBF500D9D804 /* AeroGearPush.framework */,
				39713FD81C9F76EC00ADC5E7 /* AeroGearPushTests.xctest */,
			);
			name = Products;
			sourceTree = "<group>";
		};
		397558FE1CC33FD800F79038 /* Controllers */ = {
			isa = PBXGroup;
			children = (
				39305A991AE9EF9300773849 /* ViewController.swift */,
				3914414D1AEDE1FF00866679 /* RegisterViewController.swift */,
				39305AB71AE9F6DE00773849 /* LoginViewController.swift */,
				39F0DCE61AFA6AF1002C91F5 /* AddReminderViewController.swift */,
				394E91E41B00FB3A00C701D3 /* AddLocationViewController.swift */,
				3955CF811B9FE48B0037FA91 /* AddFriendViewController.swift */,
				394E81E21B52218A00C81664 /* ViewReminderViewController.swift */,
				390F26B61BF2F1CF001D6D06 /* ListRemindersViewController.swift */,
				394E71871B77F03C0053B47B /* RemindFriendsViewController.swift */,
				398D959D1B88FBAE00D85F40 /* FriendsRemindViewController.swift */,
				3913E32E1B7C5391003D1C69 /* FindFriendsViewController.swift */,
				394E71891B77F9380053B47B /* ProfileViewController.swift */,
				398D95A11B8901AF00D85F40 /* MMCustomViewController.swift */,
			);
			name = Controllers;
			sourceTree = "<group>";
		};
		397559061CC3401700F79038 /* Views */ = {
			isa = PBXGroup;
			children = (
				39305AA01AE9EF9300773849 /* LaunchScreen.xib */,
				39305A9B1AE9EF9300773849 /* Main.storyboard */,
				39962C211B8D865900E264E2 /* FindFriendsTableViewCell.swift */,
				390F26BE1BF2FA77001D6D06 /* ListViewTableViewCell.swift */,
				397E8D291B64247F0095B30D /* Logo.swift */,
				39C0A3B01B76A4E1000A6CAD /* CustomButton.swift */,
				39C0A3AC1B76935C000A6CAD /* CustomView.swift */,
				3998474E1B7FCA2400DD8104 /* AddRemoveButton.swift */,
			);
			name = Views;
			sourceTree = "<group>";
		};
		397559071CC3405C00F79038 /* Models */ = {
			isa = PBXGroup;
			children = (
				3934F4911B38B50E00F395D2 /* Annotation.swift */,
				39331AD61BA2945700625AF5 /* Minders.swift */,
				39BA7D761C557B2E00790840 /* Users.swift */,
				39713FDF1C9F93BB00ADC5E7 /* Friends.swift */,
				397C5FB41AF1E7C40063E9DE /* Colors.swift */,
				39E6E5C21AF32CAC0066B707 /* TextFields.swift */,
				39CC99211BE07DE700F7F428 /* HTTPRequests.swift */,
			);
			name = Models;
			sourceTree = "<group>";
		};
/* End PBXGroup section */

/* Begin PBXNativeTarget section */
		39305A911AE9EF9300773849 /* MightyMinders */ = {
			isa = PBXNativeTarget;
			buildConfigurationList = 39305AB11AE9EF9300773849 /* Build configuration list for PBXNativeTarget "MightyMinders" */;
			buildPhases = (
				39305A8E1AE9EF9300773849 /* Sources */,
				39305A8F1AE9EF9300773849 /* Frameworks */,
				39305A901AE9EF9300773849 /* Resources */,
				39589CB11BCCBC5E00D9D804 /* Copy Frameworks */,
			);
			buildRules = (
			);
			dependencies = (
				39589CB01BCCBC4200D9D804 /* PBXTargetDependency */,
				39958F861C30769B00F7CFA4 /* PBXTargetDependency */,
			);
			name = MightyMinders;
			productName = MightyMinders;
			productReference = 39305A921AE9EF9300773849 /* MightyMinders.app */;
			productType = "com.apple.product-type.application";
		};
		39305AA61AE9EF9300773849 /* MightyMindersTests */ = {
			isa = PBXNativeTarget;
			buildConfigurationList = 39305AB41AE9EF9300773849 /* Build configuration list for PBXNativeTarget "MightyMindersTests" */;
			buildPhases = (
				39305AA31AE9EF9300773849 /* Sources */,
				39305AA41AE9EF9300773849 /* Frameworks */,
				39305AA51AE9EF9300773849 /* Resources */,
			);
			buildRules = (
			);
			dependencies = (
				39305AA91AE9EF9300773849 /* PBXTargetDependency */,
			);
			name = MightyMindersTests;
			productName = MightyMindersTests;
			productReference = 39305AA71AE9EF9300773849 /* MightyMindersTests.xctest */;
			productType = "com.apple.product-type.bundle.unit-test";
		};
/* End PBXNativeTarget section */

/* Begin PBXProject section */
		39305A8A1AE9EF9300773849 /* Project object */ = {
			isa = PBXProject;
			attributes = {
				LastSwiftMigration = 0700;
				LastSwiftUpdateCheck = 0700;
				LastUpgradeCheck = 0700;
				ORGANIZATIONNAME = "Justin Bane";
				TargetAttributes = {
					39305A911AE9EF9300773849 = {
						CreatedOnToolsVersion = 6.3.1;
						DevelopmentTeam = S4L5PVTT36;
						SystemCapabilities = {
							com.apple.BackgroundModes = {
								enabled = 1;
							};
							com.apple.Maps.iOS = {
								enabled = 1;
							};
							com.apple.Push = {
								enabled = 1;
							};
						};
					};
					39305AA61AE9EF9300773849 = {
						CreatedOnToolsVersion = 6.3.1;
						TestTargetID = 39305A911AE9EF9300773849;
					};
				};
			};
			buildConfigurationList = 39305A8D1AE9EF9300773849 /* Build configuration list for PBXProject "MightyMinders" */;
			compatibilityVersion = "Xcode 3.2";
			developmentRegion = English;
			hasScannedForEncodings = 0;
			knownRegions = (
				en,
				Base,
			);
			mainGroup = 39305A891AE9EF9300773849;
			productRefGroup = 39305A931AE9EF9300773849 /* Products */;
			projectDirPath = "";
			projectReferences = (
				{
					ProductGroup = 39589CA71BCCBBF500D9D804 /* Products */;
					ProjectRef = 39589CA61BCCBBF500D9D804 /* AeroGearPush.xcodeproj */;
				},
				{
					ProductGroup = 39423FE11BE32DB700435724 /* Products */;
					ProjectRef = 39423FE01BE32DB700435724 /* Alamofire.xcodeproj */;
				},
			);
			projectRoot = "";
			targets = (
				39305A911AE9EF9300773849 /* MightyMinders */,
				39305AA61AE9EF9300773849 /* MightyMindersTests */,
			);
		};
/* End PBXProject section */

/* Begin PBXReferenceProxy section */
		39423FEB1BE32DB800435724 /* Alamofire.framework */ = {
			isa = PBXReferenceProxy;
			fileType = wrapper.framework;
			path = Alamofire.framework;
			remoteRef = 39423FEA1BE32DB800435724 /* PBXContainerItemProxy */;
			sourceTree = BUILT_PRODUCTS_DIR;
		};
		39423FED1BE32DB800435724 /* Alamofire iOS Tests.xctest */ = {
			isa = PBXReferenceProxy;
			fileType = wrapper.cfbundle;
			path = "Alamofire iOS Tests.xctest";
			remoteRef = 39423FEC1BE32DB800435724 /* PBXContainerItemProxy */;
			sourceTree = BUILT_PRODUCTS_DIR;
		};
		39423FEF1BE32DB800435724 /* Alamofire.framework */ = {
			isa = PBXReferenceProxy;
			fileType = wrapper.framework;
			path = Alamofire.framework;
			remoteRef = 39423FEE1BE32DB800435724 /* PBXContainerItemProxy */;
			sourceTree = BUILT_PRODUCTS_DIR;
		};
		39423FF11BE32DB800435724 /* Alamofire OSX Tests.xctest */ = {
			isa = PBXReferenceProxy;
			fileType = wrapper.cfbundle;
			path = "Alamofire OSX Tests.xctest";
			remoteRef = 39423FF01BE32DB800435724 /* PBXContainerItemProxy */;
			sourceTree = BUILT_PRODUCTS_DIR;
		};
		39423FF31BE32DB800435724 /* Alamofire.framework */ = {
			isa = PBXReferenceProxy;
			fileType = wrapper.framework;
			path = Alamofire.framework;
			remoteRef = 39423FF21BE32DB800435724 /* PBXContainerItemProxy */;
			sourceTree = BUILT_PRODUCTS_DIR;
		};
		39423FF51BE32DB800435724 /* Alamofire tvOS Tests.xctest */ = {
			isa = PBXReferenceProxy;
			fileType = wrapper.cfbundle;
			path = "Alamofire tvOS Tests.xctest";
			remoteRef = 39423FF41BE32DB800435724 /* PBXContainerItemProxy */;
			sourceTree = BUILT_PRODUCTS_DIR;
		};
		39423FF71BE32DB800435724 /* Alamofire.framework */ = {
			isa = PBXReferenceProxy;
			fileType = wrapper.framework;
			path = Alamofire.framework;
			remoteRef = 39423FF61BE32DB800435724 /* PBXContainerItemProxy */;
			sourceTree = BUILT_PRODUCTS_DIR;
		};
		39589CAC1BCCBBF500D9D804 /* AeroGearPush.framework */ = {
			isa = PBXReferenceProxy;
			fileType = wrapper.framework;
			path = AeroGearPush.framework;
			remoteRef = 39589CAB1BCCBBF500D9D804 /* PBXContainerItemProxy */;
			sourceTree = BUILT_PRODUCTS_DIR;
		};
		39713FD81C9F76EC00ADC5E7 /* AeroGearPushTests.xctest */ = {
			isa = PBXReferenceProxy;
			fileType = wrapper.cfbundle;
			path = AeroGearPushTests.xctest;
			remoteRef = 39713FD71C9F76EC00ADC5E7 /* PBXContainerItemProxy */;
			sourceTree = BUILT_PRODUCTS_DIR;
		};
/* End PBXReferenceProxy section */

/* Begin PBXResourcesBuildPhase section */
		39305A901AE9EF9300773849 /* Resources */ = {
			isa = PBXResourcesBuildPhase;
			buildActionMask = 2147483647;
			files = (
				39305A9D1AE9EF9300773849 /* Main.storyboard in Resources */,
				39DEE9D21BEB1FE8007B5C67 /* GreenBack and FairOaks.gpx in Resources */,
				39F8E2A51BA4D51C00C1EA99 /* default.gpx in Resources */,
				39305AA21AE9EF9300773849 /* LaunchScreen.xib in Resources */,
				39305A9F1AE9EF9300773849 /* Images.xcassets in Resources */,
			);
			runOnlyForDeploymentPostprocessing = 0;
		};
		39305AA51AE9EF9300773849 /* Resources */ = {
			isa = PBXResourcesBuildPhase;
			buildActionMask = 2147483647;
			files = (
			);
			runOnlyForDeploymentPostprocessing = 0;
		};
/* End PBXResourcesBuildPhase section */

/* Begin PBXSourcesBuildPhase section */
		39305A8E1AE9EF9300773849 /* Sources */ = {
			isa = PBXSourcesBuildPhase;
			buildActionMask = 2147483647;
			files = (
				3960ACB11B901CD50064B2BE /* CustomButton.swift in Sources */,
				3960ACB21B901CD50064B2BE /* CustomView.swift in Sources */,
				3960ACB31B901CD50064B2BE /* AddRemoveButton.swift in Sources */,
				39305AB81AE9F6DE00773849 /* LoginViewController.swift in Sources */,
				39CC99221BE07DE700F7F428 /* HTTPRequests.swift in Sources */,
				397C5FB51AF1E7C40063E9DE /* Colors.swift in Sources */,
				39305A9A1AE9EF9300773849 /* ViewController.swift in Sources */,
				394E91E51B00FB3A00C701D3 /* AddLocationViewController.swift in Sources */,
				390F26BF1BF2FA77001D6D06 /* ListViewTableViewCell.swift in Sources */,
				390F26B71BF2F1CF001D6D06 /* ListRemindersViewController.swift in Sources */,
				394E71881B77F03C0053B47B /* RemindFriendsViewController.swift in Sources */,
				397E8D2A1B64247F0095B30D /* Logo.swift in Sources */,
				39305A981AE9EF9300773849 /* AppDelegate.swift in Sources */,
				39962C221B8D865900E264E2 /* FindFriendsTableViewCell.swift in Sources */,
				39331AD71BA2945700625AF5 /* Minders.swift in Sources */,
				398D959E1B88FBAE00D85F40 /* FriendsRemindViewController.swift in Sources */,
				3934F4921B38B50E00F395D2 /* Annotation.swift in Sources */,
				3914414E1AEDE1FF00866679 /* RegisterViewController.swift in Sources */,
				39F0DCE71AFA6AF1002C91F5 /* AddReminderViewController.swift in Sources */,
				3955CF821B9FE48B0037FA91 /* AddFriendViewController.swift in Sources */,
				398D95A21B8901AF00D85F40 /* MMCustomViewController.swift in Sources */,
				394E718A1B77F9380053B47B /* ProfileViewController.swift in Sources */,
				39713FE01C9F93BB00ADC5E7 /* Friends.swift in Sources */,
				39BA7D771C557B2E00790840 /* Users.swift in Sources */,
				39E6E5C31AF32CAC0066B707 /* TextFields.swift in Sources */,
				394E81E31B52218A00C81664 /* ViewReminderViewController.swift in Sources */,
				3913E32F1B7C5391003D1C69 /* FindFriendsViewController.swift in Sources */,
			);
			runOnlyForDeploymentPostprocessing = 0;
		};
		39305AA31AE9EF9300773849 /* Sources */ = {
			isa = PBXSourcesBuildPhase;
			buildActionMask = 2147483647;
			files = (
				39305AAE1AE9EF9300773849 /* MightyMindersTests.swift in Sources */,
			);
			runOnlyForDeploymentPostprocessing = 0;
		};
/* End PBXSourcesBuildPhase section */

/* Begin PBXTargetDependency section */
		39305AA91AE9EF9300773849 /* PBXTargetDependency */ = {
			isa = PBXTargetDependency;
			target = 39305A911AE9EF9300773849 /* MightyMinders */;
			targetProxy = 39305AA81AE9EF9300773849 /* PBXContainerItemProxy */;
		};
		39589CB01BCCBC4200D9D804 /* PBXTargetDependency */ = {
			isa = PBXTargetDependency;
			name = AeroGearPush;
			targetProxy = 39589CAF1BCCBC4200D9D804 /* PBXContainerItemProxy */;
		};
		39958F861C30769B00F7CFA4 /* PBXTargetDependency */ = {
			isa = PBXTargetDependency;
			name = "Alamofire iOS";
			targetProxy = 39958F851C30769B00F7CFA4 /* PBXContainerItemProxy */;
		};
/* End PBXTargetDependency section */

/* Begin PBXVariantGroup section */
		39305A9B1AE9EF9300773849 /* Main.storyboard */ = {
			isa = PBXVariantGroup;
			children = (
				39305A9C1AE9EF9300773849 /* Base */,
			);
			name = Main.storyboard;
			sourceTree = "<group>";
		};
		39305AA01AE9EF9300773849 /* LaunchScreen.xib */ = {
			isa = PBXVariantGroup;
			children = (
				39305AA11AE9EF9300773849 /* Base */,
			);
			name = LaunchScreen.xib;
			sourceTree = "<group>";
		};
/* End PBXVariantGroup section */

/* Begin XCBuildConfiguration section */
		39305AAF1AE9EF9300773849 /* Debug */ = {
			isa = XCBuildConfiguration;
			buildSettings = {
				ALWAYS_SEARCH_USER_PATHS = NO;
				CLANG_CXX_LANGUAGE_STANDARD = "gnu++0x";
				CLANG_CXX_LIBRARY = "libc++";
				CLANG_ENABLE_MODULES = YES;
				CLANG_ENABLE_OBJC_ARC = YES;
				CLANG_WARN_BOOL_CONVERSION = YES;
				CLANG_WARN_CONSTANT_CONVERSION = YES;
				CLANG_WARN_DIRECT_OBJC_ISA_USAGE = YES_ERROR;
				CLANG_WARN_EMPTY_BODY = YES;
				CLANG_WARN_ENUM_CONVERSION = YES;
				CLANG_WARN_INT_CONVERSION = YES;
				CLANG_WARN_OBJC_ROOT_CLASS = YES_ERROR;
				CLANG_WARN_UNREACHABLE_CODE = YES;
				CLANG_WARN__DUPLICATE_METHOD_MATCH = YES;
				"CODE_SIGN_IDENTITY[sdk=iphoneos*]" = "iPhone Developer";
				COPY_PHASE_STRIP = NO;
				DEBUG_INFORMATION_FORMAT = "dwarf-with-dsym";
				ENABLE_STRICT_OBJC_MSGSEND = YES;
				ENABLE_TESTABILITY = YES;
				GCC_C_LANGUAGE_STANDARD = gnu99;
				GCC_DYNAMIC_NO_PIC = NO;
				GCC_NO_COMMON_BLOCKS = YES;
				GCC_OPTIMIZATION_LEVEL = 0;
				GCC_PREPROCESSOR_DEFINITIONS = (
					"DEBUG=1",
					"$(inherited)",
				);
				GCC_SYMBOLS_PRIVATE_EXTERN = NO;
				GCC_WARN_64_TO_32_BIT_CONVERSION = YES;
				GCC_WARN_ABOUT_RETURN_TYPE = YES_ERROR;
				GCC_WARN_UNDECLARED_SELECTOR = YES;
				GCC_WARN_UNINITIALIZED_AUTOS = YES_AGGRESSIVE;
				GCC_WARN_UNUSED_FUNCTION = YES;
				GCC_WARN_UNUSED_VARIABLE = YES;
				IPHONEOS_DEPLOYMENT_TARGET = 8.3;
				MTL_ENABLE_DEBUG_INFO = YES;
				ONLY_ACTIVE_ARCH = YES;
				OTHER_LDFLAGS = "-ObjC";
				SDKROOT = iphoneos;
				SWIFT_OPTIMIZATION_LEVEL = "-Onone";
			};
			name = Debug;
		};
		39305AB01AE9EF9300773849 /* Release */ = {
			isa = XCBuildConfiguration;
			buildSettings = {
				ALWAYS_SEARCH_USER_PATHS = NO;
				CLANG_CXX_LANGUAGE_STANDARD = "gnu++0x";
				CLANG_CXX_LIBRARY = "libc++";
				CLANG_ENABLE_MODULES = YES;
				CLANG_ENABLE_OBJC_ARC = YES;
				CLANG_WARN_BOOL_CONVERSION = YES;
				CLANG_WARN_CONSTANT_CONVERSION = YES;
				CLANG_WARN_DIRECT_OBJC_ISA_USAGE = YES_ERROR;
				CLANG_WARN_EMPTY_BODY = YES;
				CLANG_WARN_ENUM_CONVERSION = YES;
				CLANG_WARN_INT_CONVERSION = YES;
				CLANG_WARN_OBJC_ROOT_CLASS = YES_ERROR;
				CLANG_WARN_UNREACHABLE_CODE = YES;
				CLANG_WARN__DUPLICATE_METHOD_MATCH = YES;
				"CODE_SIGN_IDENTITY[sdk=iphoneos*]" = "iPhone Developer";
				COPY_PHASE_STRIP = NO;
				DEBUG_INFORMATION_FORMAT = "dwarf-with-dsym";
				ENABLE_NS_ASSERTIONS = NO;
				ENABLE_STRICT_OBJC_MSGSEND = YES;
				GCC_C_LANGUAGE_STANDARD = gnu99;
				GCC_NO_COMMON_BLOCKS = YES;
				GCC_WARN_64_TO_32_BIT_CONVERSION = YES;
				GCC_WARN_ABOUT_RETURN_TYPE = YES_ERROR;
				GCC_WARN_UNDECLARED_SELECTOR = YES;
				GCC_WARN_UNINITIALIZED_AUTOS = YES_AGGRESSIVE;
				GCC_WARN_UNUSED_FUNCTION = YES;
				GCC_WARN_UNUSED_VARIABLE = YES;
				IPHONEOS_DEPLOYMENT_TARGET = 8.3;
				MTL_ENABLE_DEBUG_INFO = NO;
				OTHER_LDFLAGS = "-ObjC";
				SDKROOT = iphoneos;
				VALIDATE_PRODUCT = YES;
			};
			name = Release;
		};
		39305AB21AE9EF9300773849 /* Debug */ = {
			isa = XCBuildConfiguration;
			buildSettings = {
				ASSETCATALOG_COMPILER_APPICON_NAME = AppIcon;
				CLANG_ENABLE_MODULES = YES;
				CODE_SIGN_IDENTITY = "iPhone Developer";
				"CODE_SIGN_IDENTITY[sdk=iphoneos*]" = "iPhone Developer";
				EMBEDDED_CONTENT_CONTAINS_SWIFT = YES;
				ENABLE_BITCODE = NO;
				FRAMEWORK_SEARCH_PATHS = (
					"$(inherited)",
					/Users/justbane/Downloads,
					"$(PROJECT_DIR)",
				);
				INFOPLIST_FILE = MightyMinders/Info.plist;
				IPHONEOS_DEPLOYMENT_TARGET = 8.1;
				LD_RUNPATH_SEARCH_PATHS = "$(inherited) @executable_path/Frameworks";
				PRODUCT_BUNDLE_IDENTIFIER = "com.justinbane.$(PRODUCT_NAME:rfc1034identifier)";
				PRODUCT_NAME = "$(TARGET_NAME)";
				PROVISIONING_PROFILE = "8b2e5c2f-9519-4966-a7f7-fe207dcae1f3";
				SWIFT_OBJC_BRIDGING_HEADER = "MightyMinders/MightyMinders-Bridging-Header.h";
				SWIFT_OPTIMIZATION_LEVEL = "-Onone";
			};
			name = Debug;
		};
		39305AB31AE9EF9300773849 /* Release */ = {
			isa = XCBuildConfiguration;
			buildSettings = {
				ASSETCATALOG_COMPILER_APPICON_NAME = AppIcon;
				CLANG_ENABLE_MODULES = YES;
				CODE_SIGN_IDENTITY = "iPhone Developer";
				"CODE_SIGN_IDENTITY[sdk=iphoneos*]" = "iPhone Developer";
				EMBEDDED_CONTENT_CONTAINS_SWIFT = YES;
				ENABLE_BITCODE = NO;
				FRAMEWORK_SEARCH_PATHS = (
					"$(inherited)",
					/Users/justbane/Downloads,
					"$(PROJECT_DIR)",
				);
				INFOPLIST_FILE = MightyMinders/Info.plist;
				IPHONEOS_DEPLOYMENT_TARGET = 8.1;
				LD_RUNPATH_SEARCH_PATHS = "$(inherited) @executable_path/Frameworks";
				PRODUCT_BUNDLE_IDENTIFIER = "com.justinbane.$(PRODUCT_NAME:rfc1034identifier)";
				PRODUCT_NAME = "$(TARGET_NAME)";
				PROVISIONING_PROFILE = "8b2e5c2f-9519-4966-a7f7-fe207dcae1f3";
				SWIFT_OBJC_BRIDGING_HEADER = "MightyMinders/MightyMinders-Bridging-Header.h";
			};
			name = Release;
		};
		39305AB51AE9EF9300773849 /* Debug */ = {
			isa = XCBuildConfiguration;
			buildSettings = {
				BUNDLE_LOADER = "$(TEST_HOST)";
				GCC_PREPROCESSOR_DEFINITIONS = (
					"DEBUG=1",
					"$(inherited)",
				);
				INFOPLIST_FILE = MightyMindersTests/Info.plist;
				LD_RUNPATH_SEARCH_PATHS = "$(inherited) @executable_path/Frameworks @loader_path/Frameworks";
				PRODUCT_BUNDLE_IDENTIFIER = "com.justinbane.$(PRODUCT_NAME:rfc1034identifier)";
				PRODUCT_NAME = "$(TARGET_NAME)";
			};
			name = Debug;
		};
		39305AB61AE9EF9300773849 /* Release */ = {
			isa = XCBuildConfiguration;
			buildSettings = {
				BUNDLE_LOADER = "$(TEST_HOST)";
				INFOPLIST_FILE = MightyMindersTests/Info.plist;
				LD_RUNPATH_SEARCH_PATHS = "$(inherited) @executable_path/Frameworks @loader_path/Frameworks";
				PRODUCT_BUNDLE_IDENTIFIER = "com.justinbane.$(PRODUCT_NAME:rfc1034identifier)";
				PRODUCT_NAME = "$(TARGET_NAME)";
			};
			name = Release;
		};
/* End XCBuildConfiguration section */

/* Begin XCConfigurationList section */
		39305A8D1AE9EF9300773849 /* Build configuration list for PBXProject "MightyMinders" */ = {
			isa = XCConfigurationList;
			buildConfigurations = (
				39305AAF1AE9EF9300773849 /* Debug */,
				39305AB01AE9EF9300773849 /* Release */,
			);
			defaultConfigurationIsVisible = 0;
			defaultConfigurationName = Release;
		};
		39305AB11AE9EF9300773849 /* Build configuration list for PBXNativeTarget "MightyMinders" */ = {
			isa = XCConfigurationList;
			buildConfigurations = (
				39305AB21AE9EF9300773849 /* Debug */,
				39305AB31AE9EF9300773849 /* Release */,
			);
			defaultConfigurationIsVisible = 0;
			defaultConfigurationName = Release;
		};
		39305AB41AE9EF9300773849 /* Build configuration list for PBXNativeTarget "MightyMindersTests" */ = {
			isa = XCConfigurationList;
			buildConfigurations = (
				39305AB51AE9EF9300773849 /* Debug */,
				39305AB61AE9EF9300773849 /* Release */,
			);
			defaultConfigurationIsVisible = 0;
			defaultConfigurationName = Release;
		};
/* End XCConfigurationList section */
	};
	rootObject = 39305A8A1AE9EF9300773849 /* Project object */;
}
